
Microsoft Visual Studio Solution File, Format Version 12.00
# Visual Studio 15
VisualStudioVersion = 15.0.27004.2008
MinimumVisualStudioVersion = 10.0.40219.1
Project("{FAE04EC0-301F-11D3-BF4B-00C04F79EFBC}") = "TestFilipa", "TestFilipa\TestFilipa.csproj", "{91323797-87AE-4124-BE3E-2215145A9F06}"
EndProject
Global
	GlobalSection(SolutionConfigurationPlatforms) = preSolution
		Debug|Any CPU = Debug|Any CPU
		Release|Any CPU = Release|Any CPU
	EndGlobalSection
	GlobalSection(ProjectConfigurationPlatforms) = postSolution
		{91323797-87AE-4124-BE3E-2215145A9F06}.Debug|Any CPU.ActiveCfg = Debug|Any CPU
		{91323797-87AE-4124-BE3E-2215145A9F06}.Debug|Any CPU.Build.0 = Debug|Any CPU
		{91323797-87AE-4124-BE3E-2215145A9F06}.Release|Any CPU.ActiveCfg = Release|Any CPU
		{91323797-87AE-4124-BE3E-2215145A9F06}.Release|Any CPU.Build.0 = Release|Any CPU
	EndGlobalSection
	GlobalSection(SolutionProperties) = preSolution
		HideSolutionNode = FALSE
	EndGlobalSection
	GlobalSection(ExtensibilityGlobals) = postSolution
		SolutionGuid = {CC2C8BFF-5C09-42D3-B59E-FC8C140C5AFC}
	EndGlobalSection
EndGlobal
